
Microsoft Visual Studio Solution File, Format Version 12.00
# Visual Studio 15
VisualStudioVersion = 15.0.26730.12
MinimumVisualStudioVersion = 10.0.40219.1
Project("{FAE04EC0-301F-11D3-BF4B-00C04F79EFBC}") = "ArtDAL", "ArtDAL\ArtDAL.csproj", "{F517DAEE-AFDB-411E-8EF7-51009BC42719}"
EndProject
Project("{FAE04EC0-301F-11D3-BF4B-00C04F79EFBC}") = "ArtWebApp", "ArtWebApp\ArtWebApp.csproj", "{07116257-90D9-44C5-9B0B-CE00413CCF6B}"
EndProject
Global
	GlobalSection(SolutionConfigurationPlatforms) = preSolution
		Debug|Any CPU = Debug|Any CPU
		Release|Any CPU = Release|Any CPU
	EndGlobalSection
	GlobalSection(ProjectConfigurationPlatforms) = postSolution
		{F517DAEE-AFDB-411E-8EF7-51009BC42719}.Debug|Any CPU.ActiveCfg = Debug|Any CPU
		{F517DAEE-AFDB-411E-8EF7-51009BC42719}.Debug|Any CPU.Build.0 = Debug|Any CPU
		{F517DAEE-AFDB-411E-8EF7-51009BC42719}.Release|Any CPU.ActiveCfg = Release|Any CPU
		{F517DAEE-AFDB-411E-8EF7-51009BC42719}.Release|Any CPU.Build.0 = Release|Any CPU
		{07116257-90D9-44C5-9B0B-CE00413CCF6B}.Debug|Any CPU.ActiveCfg = Debug|Any CPU
		{07116257-90D9-44C5-9B0B-CE00413CCF6B}.Debug|Any CPU.Build.0 = Debug|Any CPU
		{07116257-90D9-44C5-9B0B-CE00413CCF6B}.Release|Any CPU.ActiveCfg = Release|Any CPU
		{07116257-90D9-44C5-9B0B-CE00413CCF6B}.Release|Any CPU.Build.0 = Release|Any CPU
	EndGlobalSection
	GlobalSection(SolutionProperties) = preSolution
		HideSolutionNode = FALSE
	EndGlobalSection
	GlobalSection(ExtensibilityGlobals) = postSolution
		SolutionGuid = {D1FF95A2-8988-4F01-BB1E-7F515702CFF1}
	EndGlobalSection
	GlobalSection(SubversionScc) = preSolution
		Svn-Managed = True
		Manager = AnkhSVN - Subversion Support for Visual Studio
	EndGlobalSection
EndGlobal
